
Microsoft Visual Studio Solution File, Format Version 12.00
# Visual Studio 2013
VisualStudioVersion = 12.0.30501.0
MinimumVisualStudioVersion = 10.0.40219.1
Project("{FAE04EC0-301F-11D3-BF4B-00C04F79EFBC}") = "UnityDemo", "UnityDemo.csproj", "{E798A6C6-77E2-48DA-BBEA-2E9E8C9BF4FF}"
EndProject
Project("{2150E333-8FDC-42A3-9474-1A3956D46DE8}") = ".nuget", ".nuget", "{D6725267-76FD-48A9-9AA4-ABF18034108C}"
	ProjectSection(SolutionItems) = preProject
		.nuget\NuGet.Config = .nuget\NuGet.Config
	EndProjectSection
EndProject
Global
	GlobalSection(TeamFoundationVersionControl) = preSolution
		SccNumberOfProjects = 2
		SccEnterpriseProvider = {4CA58AB2-18FA-4F8D-95D4-32DDF27D184C}
		SccTeamFoundationServer = https://b624-software.visualstudio.com/defaultcollection
		SccLocalPath0 = .
		SccProjectUniqueName1 = UnityDemo.csproj
		SccLocalPath1 = .
	EndGlobalSection
	GlobalSection(SolutionConfigurationPlatforms) = preSolution
		Debug|Any CPU = Debug|Any CPU
		Release|Any CPU = Release|Any CPU
	EndGlobalSection
	GlobalSection(ProjectConfigurationPlatforms) = postSolution
		{E798A6C6-77E2-48DA-BBEA-2E9E8C9BF4FF}.Debug|Any CPU.ActiveCfg = Debug|Any CPU
		{E798A6C6-77E2-48DA-BBEA-2E9E8C9BF4FF}.Debug|Any CPU.Build.0 = Debug|Any CPU
		{E798A6C6-77E2-48DA-BBEA-2E9E8C9BF4FF}.Release|Any CPU.ActiveCfg = Release|Any CPU
		{E798A6C6-77E2-48DA-BBEA-2E9E8C9BF4FF}.Release|Any CPU.Build.0 = Release|Any CPU
	EndGlobalSection
	GlobalSection(SolutionProperties) = preSolution
		HideSolutionNode = FALSE
	EndGlobalSection
	GlobalSection(ExtensibilityGlobals) = postSolution
		EnterpriseLibraryConfigurationToolBinariesPath = packages\Unity.2.1.505.2\lib\NET35
	EndGlobalSection
EndGlobal
