
Microsoft Visual Studio Solution File, Format Version 12.00
# Visual Studio 2013
VisualStudioVersion = 12.0.30501.0
MinimumVisualStudioVersion = 10.0.40219.1
Project("{FAE04EC0-301F-11D3-BF4B-00C04F79EFBC}") = "MvcTestDemo", "MvcTestDemo\MvcTestDemo.csproj", "{EBD09AFC-0224-4137-BC21-7132C48B9C9E}"
EndProject
Project("{2150E333-8FDC-42A3-9474-1A3956D46DE8}") = ".nuget", ".nuget", "{5AD67BBE-D4AA-4292-BFB3-FE39785A8683}"
	ProjectSection(SolutionItems) = preProject
		.nuget\NuGet.Config = .nuget\NuGet.Config
	EndProjectSection
EndProject
Global
	GlobalSection(TeamFoundationVersionControl) = preSolution
		SccNumberOfProjects = 2
		SccEnterpriseProvider = {4CA58AB2-18FA-4F8D-95D4-32DDF27D184C}
		SccTeamFoundationServer = https://b624-software.visualstudio.com/defaultcollection
		SccLocalPath0 = .
		SccProjectUniqueName1 = MvcTestDemo\\MvcTestDemo.csproj
		SccProjectName1 = MvcTestDemo
		SccLocalPath1 = MvcTestDemo
	EndGlobalSection
	GlobalSection(SolutionConfigurationPlatforms) = preSolution
		Debug|Any CPU = Debug|Any CPU
		Release|Any CPU = Release|Any CPU
	EndGlobalSection
	GlobalSection(ProjectConfigurationPlatforms) = postSolution
		{EBD09AFC-0224-4137-BC21-7132C48B9C9E}.Debug|Any CPU.ActiveCfg = Debug|Any CPU
		{EBD09AFC-0224-4137-BC21-7132C48B9C9E}.Debug|Any CPU.Build.0 = Debug|Any CPU
		{EBD09AFC-0224-4137-BC21-7132C48B9C9E}.Release|Any CPU.ActiveCfg = Release|Any CPU
		{EBD09AFC-0224-4137-BC21-7132C48B9C9E}.Release|Any CPU.Build.0 = Release|Any CPU
	EndGlobalSection
	GlobalSection(SolutionProperties) = preSolution
		HideSolutionNode = FALSE
	EndGlobalSection
EndGlobal
