
Microsoft Visual Studio Solution File, Format Version 12.00
# Visual Studio 2013
VisualStudioVersion = 12.0.30501.0
MinimumVisualStudioVersion = 10.0.40219.1
Project("{FAE04EC0-301F-11D3-BF4B-00C04F79EFBC}") = "GetName", "GetName\GetName.csproj", "{7D3A7024-BFE2-4C82-8ECC-73168ECEAA37}"
EndProject
Project("{FAE04EC0-301F-11D3-BF4B-00C04F79EFBC}") = "GetNameForm", "GetNameForm\GetNameForm.csproj", "{DF264DC9-13D0-4F2C-8194-572CECF2B9FE}"
EndProject
Global
	GlobalSection(TeamFoundationVersionControl) = preSolution
		SccNumberOfProjects = 3
		SccEnterpriseProvider = {4CA58AB2-18FA-4F8D-95D4-32DDF27D184C}
		SccTeamFoundationServer = https://b624-software.visualstudio.com/defaultcollection
		SccLocalPath0 = .
		SccProjectUniqueName1 = GetName\\GetName.csproj
		SccProjectName1 = GetName
		SccLocalPath1 = GetName
		SccProjectUniqueName2 = GetNameForm\\GetNameForm.csproj
		SccProjectName2 = GetNameForm
		SccLocalPath2 = GetNameForm
	EndGlobalSection
	GlobalSection(SolutionConfigurationPlatforms) = preSolution
		Debug|Any CPU = Debug|Any CPU
		Release|Any CPU = Release|Any CPU
	EndGlobalSection
	GlobalSection(ProjectConfigurationPlatforms) = postSolution
		{7D3A7024-BFE2-4C82-8ECC-73168ECEAA37}.Debug|Any CPU.ActiveCfg = Debug|Any CPU
		{7D3A7024-BFE2-4C82-8ECC-73168ECEAA37}.Debug|Any CPU.Build.0 = Debug|Any CPU
		{7D3A7024-BFE2-4C82-8ECC-73168ECEAA37}.Release|Any CPU.ActiveCfg = Release|Any CPU
		{7D3A7024-BFE2-4C82-8ECC-73168ECEAA37}.Release|Any CPU.Build.0 = Release|Any CPU
		{DF264DC9-13D0-4F2C-8194-572CECF2B9FE}.Debug|Any CPU.ActiveCfg = Debug|Any CPU
		{DF264DC9-13D0-4F2C-8194-572CECF2B9FE}.Debug|Any CPU.Build.0 = Debug|Any CPU
		{DF264DC9-13D0-4F2C-8194-572CECF2B9FE}.Release|Any CPU.ActiveCfg = Release|Any CPU
		{DF264DC9-13D0-4F2C-8194-572CECF2B9FE}.Release|Any CPU.Build.0 = Release|Any CPU
	EndGlobalSection
	GlobalSection(SolutionProperties) = preSolution
		HideSolutionNode = FALSE
	EndGlobalSection
EndGlobal
