
Microsoft Visual Studio Solution File, Format Version 12.00
# Visual Studio 2013
VisualStudioVersion = 12.0.30501.0
MinimumVisualStudioVersion = 10.0.40219.1
Project("{FAE04EC0-301F-11D3-BF4B-00C04F79EFBC}") = "TodoList", "TodoList\TodoList.csproj", "{A6D5D700-EAE9-4FBD-9E53-6AF064104F4A}"
EndProject
Project("{2150E333-8FDC-42A3-9474-1A3956D46DE8}") = ".nuget", ".nuget", "{59CA2862-EB06-4B0F-92E4-CC419FDA5B51}"
	ProjectSection(SolutionItems) = preProject
		.nuget\NuGet.Config = .nuget\NuGet.Config
	EndProjectSection
EndProject
Project("{FAE04EC0-301F-11D3-BF4B-00C04F79EFBC}") = "UnitTestProject1", "UnitTestProject1\UnitTestProject1.csproj", "{44ECCCC8-E864-4A46-A78B-AC9BDFEB711A}"
EndProject
Global
	GlobalSection(TeamFoundationVersionControl) = preSolution
		SccNumberOfProjects = 3
		SccEnterpriseProvider = {4CA58AB2-18FA-4F8D-95D4-32DDF27D184C}
		SccTeamFoundationServer = https://b624-software.visualstudio.com/defaultcollection
		SccLocalPath0 = .
		SccProjectUniqueName1 = TodoList\\TodoList.csproj
		SccProjectName1 = TodoList
		SccLocalPath1 = TodoList
		SccProjectUniqueName2 = UnitTestProject1\\UnitTestProject1.csproj
		SccProjectName2 = UnitTestProject1
		SccLocalPath2 = UnitTestProject1
	EndGlobalSection
	GlobalSection(SolutionConfigurationPlatforms) = preSolution
		Debug|Any CPU = Debug|Any CPU
		Release|Any CPU = Release|Any CPU
	EndGlobalSection
	GlobalSection(ProjectConfigurationPlatforms) = postSolution
		{A6D5D700-EAE9-4FBD-9E53-6AF064104F4A}.Debug|Any CPU.ActiveCfg = Debug|Any CPU
		{A6D5D700-EAE9-4FBD-9E53-6AF064104F4A}.Debug|Any CPU.Build.0 = Debug|Any CPU
		{A6D5D700-EAE9-4FBD-9E53-6AF064104F4A}.Release|Any CPU.ActiveCfg = Release|Any CPU
		{A6D5D700-EAE9-4FBD-9E53-6AF064104F4A}.Release|Any CPU.Build.0 = Release|Any CPU
		{44ECCCC8-E864-4A46-A78B-AC9BDFEB711A}.Debug|Any CPU.ActiveCfg = Debug|Any CPU
		{44ECCCC8-E864-4A46-A78B-AC9BDFEB711A}.Debug|Any CPU.Build.0 = Debug|Any CPU
		{44ECCCC8-E864-4A46-A78B-AC9BDFEB711A}.Release|Any CPU.ActiveCfg = Release|Any CPU
		{44ECCCC8-E864-4A46-A78B-AC9BDFEB711A}.Release|Any CPU.Build.0 = Release|Any CPU
	EndGlobalSection
	GlobalSection(SolutionProperties) = preSolution
		HideSolutionNode = FALSE
	EndGlobalSection
EndGlobal
